# THIS IS AN AUTOGENERATED FILE. DO NOT EDIT THIS FILE DIRECTLY.
# yarn lockfile v1


barecolor@^1.0.1:
  version "1.0.1"
  resolved "https://registry.yarnpkg.com/barecolor/-/barecolor-1.0.1.tgz#1bbbbfc41cedecf74e23fb7d9d054cd8763d92cc"
  integrity sha512-ncJ680U+r1CGBt73L3O6V9GIAPy3hbDmWODEQajwEnDmmzeStvc4UYhapUSxUpS76+MHxyRihzZfwhyl122Zdw==

globalyzer@0.1.0:
  version "0.1.0"
  resolved "https://registry.yarnpkg.com/globalyzer/-/globalyzer-0.1.0.tgz#cb76da79555669a1519d5a8edf093afaa0bf1465"
  integrity sha512-40oNTM9UfG6aBmuKxk/giHn5nQ8RVz/SS4Ir6zgzOv9/qC3kKZ9v4etGTcJbEl/NyVQH7FGU7d+X1egr57Md2Q==

globrex@^0.1.2:
  version "0.1.2"
  resolved "https://registry.yarnpkg.com/globrex/-/globrex-0.1.2.tgz#dd5d9ec826232730cd6793a5e33a9302985e6098"
  integrity sha512-uHJgbwAMwNFf5mLst7IWLNg14x1CkeqglJb/K3doi4dw6q2IvAAmM/Y81kevy83wP+Sst+nutFTYOGg3d1lsxg==

tiny-glob@^0.2.8:
  version "0.2.8"
  resolved "https://registry.yarnpkg.com/tiny-glob/-/tiny-glob-0.2.8.tgz#b2792c396cc62db891ffa161fe8b33e76123e531"
  integrity sha512-vkQP7qOslq63XRX9kMswlby99kyO5OvKptw7AMwBVMjXEI7Tb61eoI5DydyEMOseyGS5anDN1VPoVxEvH01q8w==
  dependencies:
    globalyzer "0.1.0"
    globrex "^0.1.2"
